
Microsoft Visual Studio Solution File, Format Version 12.00
# Visual Studio 14
VisualStudioVersion = 14.0.25420.1
MinimumVisualStudioVersion = 10.0.40219.1
Project("{8BC9CEB8-8B4A-11D0-8D11-00A0C91BC942}") = "Project Euler", "Project Euler\Project Euler.vcxproj", "{7D76BDBC-56D3-459C-8B98-9A127F42DB03}"
EndProject
Project("{8BC9CEB8-8B4A-11D0-8D11-00A0C91BC942}") = "Problem_001", "Problem_001\Problem_001.vcxproj", "{8FEC5853-F4FE-428C-9AA8-DB1C1C9AB29B}"
EndProject
Project("{8BC9CEB8-8B4A-11D0-8D11-00A0C91BC942}") = "Problem_002", "Problem_002\Problem_002.vcxproj", "{981D85DD-D0CC-470B-A691-34514C7DC2D6}"
EndProject
Project("{8BC9CEB8-8B4A-11D0-8D11-00A0C91BC942}") = "Problem_003", "Problem_003\Problem_003.vcxproj", "{8D8726DC-2FB7-47F2-A238-E437F0B3898A}"
EndProject
Project("{8BC9CEB8-8B4A-11D0-8D11-00A0C91BC942}") = "Problem_004", "Problem_004\Problem_004.vcxproj", "{F301D952-2801-4BAB-AD06-E85330D93AEC}"
EndProject
Project("{8BC9CEB8-8B4A-11D0-8D11-00A0C91BC942}") = "Problem_005", "Problem_005\Problem_005.vcxproj", "{C1A38F17-36FD-4A88-BC2C-69E4C476383B}"
EndProject
Project("{8BC9CEB8-8B4A-11D0-8D11-00A0C91BC942}") = "Problem_007", "Problem_007\Problem_007.vcxproj", "{3F6B9039-C0F1-414C-A8E9-5E4D19CD068F}"
EndProject
Project("{8BC9CEB8-8B4A-11D0-8D11-00A0C91BC942}") = "Problem_008", "Problem_008\Problem_008.vcxproj", "{C5B1A476-1436-4B80-B660-B50902D0B283}"
EndProject
Project("{8BC9CEB8-8B4A-11D0-8D11-00A0C91BC942}") = "Problem_010", "Problem_010\Problem_010.vcxproj", "{7DB59714-A0D1-41BC-9E07-FCB4284EB6A7}"
EndProject
Project("{8BC9CEB8-8B4A-11D0-8D11-00A0C91BC942}") = "function_PrimeSieve", "function_PrimeSieve\function_PrimeSieve.vcxproj", "{160FA1FB-363B-4DBF-852E-41858E3A232F}"
EndProject
Global
	GlobalSection(SolutionConfigurationPlatforms) = preSolution
		Debug|x64 = Debug|x64
		Debug|x86 = Debug|x86
		Release|x64 = Release|x64
		Release|x86 = Release|x86
	EndGlobalSection
	GlobalSection(ProjectConfigurationPlatforms) = postSolution
		{7D76BDBC-56D3-459C-8B98-9A127F42DB03}.Debug|x64.ActiveCfg = Debug|x64
		{7D76BDBC-56D3-459C-8B98-9A127F42DB03}.Debug|x64.Build.0 = Debug|x64
		{7D76BDBC-56D3-459C-8B98-9A127F42DB03}.Debug|x86.ActiveCfg = Debug|Win32
		{7D76BDBC-56D3-459C-8B98-9A127F42DB03}.Debug|x86.Build.0 = Debug|Win32
		{7D76BDBC-56D3-459C-8B98-9A127F42DB03}.Release|x64.ActiveCfg = Release|x64
		{7D76BDBC-56D3-459C-8B98-9A127F42DB03}.Release|x64.Build.0 = Release|x64
		{7D76BDBC-56D3-459C-8B98-9A127F42DB03}.Release|x86.ActiveCfg = Release|Win32
		{7D76BDBC-56D3-459C-8B98-9A127F42DB03}.Release|x86.Build.0 = Release|Win32
		{8FEC5853-F4FE-428C-9AA8-DB1C1C9AB29B}.Debug|x64.ActiveCfg = Debug|x64
		{8FEC5853-F4FE-428C-9AA8-DB1C1C9AB29B}.Debug|x64.Build.0 = Debug|x64
		{8FEC5853-F4FE-428C-9AA8-DB1C1C9AB29B}.Debug|x86.ActiveCfg = Debug|Win32
		{8FEC5853-F4FE-428C-9AA8-DB1C1C9AB29B}.Debug|x86.Build.0 = Debug|Win32
		{8FEC5853-F4FE-428C-9AA8-DB1C1C9AB29B}.Release|x64.ActiveCfg = Release|x64
		{8FEC5853-F4FE-428C-9AA8-DB1C1C9AB29B}.Release|x64.Build.0 = Release|x64
		{8FEC5853-F4FE-428C-9AA8-DB1C1C9AB29B}.Release|x86.ActiveCfg = Release|Win32
		{8FEC5853-F4FE-428C-9AA8-DB1C1C9AB29B}.Release|x86.Build.0 = Release|Win32
		{981D85DD-D0CC-470B-A691-34514C7DC2D6}.Debug|x64.ActiveCfg = Debug|x64
		{981D85DD-D0CC-470B-A691-34514C7DC2D6}.Debug|x64.Build.0 = Debug|x64
		{981D85DD-D0CC-470B-A691-34514C7DC2D6}.Debug|x86.ActiveCfg = Debug|Win32
		{981D85DD-D0CC-470B-A691-34514C7DC2D6}.Debug|x86.Build.0 = Debug|Win32
		{981D85DD-D0CC-470B-A691-34514C7DC2D6}.Release|x64.ActiveCfg = Release|x64
		{981D85DD-D0CC-470B-A691-34514C7DC2D6}.Release|x64.Build.0 = Release|x64
		{981D85DD-D0CC-470B-A691-34514C7DC2D6}.Release|x86.ActiveCfg = Release|Win32
		{981D85DD-D0CC-470B-A691-34514C7DC2D6}.Release|x86.Build.0 = Release|Win32
		{8D8726DC-2FB7-47F2-A238-E437F0B3898A}.Debug|x64.ActiveCfg = Debug|x64
		{8D8726DC-2FB7-47F2-A238-E437F0B3898A}.Debug|x64.Build.0 = Debug|x64
		{8D8726DC-2FB7-47F2-A238-E437F0B3898A}.Debug|x86.ActiveCfg = Debug|Win32
		{8D8726DC-2FB7-47F2-A238-E437F0B3898A}.Debug|x86.Build.0 = Debug|Win32
		{8D8726DC-2FB7-47F2-A238-E437F0B3898A}.Release|x64.ActiveCfg = Release|x64
		{8D8726DC-2FB7-47F2-A238-E437F0B3898A}.Release|x64.Build.0 = Release|x64
		{8D8726DC-2FB7-47F2-A238-E437F0B3898A}.Release|x86.ActiveCfg = Release|Win32
		{8D8726DC-2FB7-47F2-A238-E437F0B3898A}.Release|x86.Build.0 = Release|Win32
		{F301D952-2801-4BAB-AD06-E85330D93AEC}.Debug|x64.ActiveCfg = Debug|x64
		{F301D952-2801-4BAB-AD06-E85330D93AEC}.Debug|x64.Build.0 = Debug|x64
		{F301D952-2801-4BAB-AD06-E85330D93AEC}.Debug|x86.ActiveCfg = Debug|Win32
		{F301D952-2801-4BAB-AD06-E85330D93AEC}.Debug|x86.Build.0 = Debug|Win32
		{F301D952-2801-4BAB-AD06-E85330D93AEC}.Release|x64.ActiveCfg = Release|x64
		{F301D952-2801-4BAB-AD06-E85330D93AEC}.Release|x64.Build.0 = Release|x64
		{F301D952-2801-4BAB-AD06-E85330D93AEC}.Release|x86.ActiveCfg = Release|Win32
		{F301D952-2801-4BAB-AD06-E85330D93AEC}.Release|x86.Build.0 = Release|Win32
		{C1A38F17-36FD-4A88-BC2C-69E4C476383B}.Debug|x64.ActiveCfg = Debug|x64
		{C1A38F17-36FD-4A88-BC2C-69E4C476383B}.Debug|x64.Build.0 = Debug|x64
		{C1A38F17-36FD-4A88-BC2C-69E4C476383B}.Debug|x86.ActiveCfg = Debug|Win32
		{C1A38F17-36FD-4A88-BC2C-69E4C476383B}.Debug|x86.Build.0 = Debug|Win32
		{C1A38F17-36FD-4A88-BC2C-69E4C476383B}.Release|x64.ActiveCfg = Release|x64
		{C1A38F17-36FD-4A88-BC2C-69E4C476383B}.Release|x64.Build.0 = Release|x64
		{C1A38F17-36FD-4A88-BC2C-69E4C476383B}.Release|x86.ActiveCfg = Release|Win32
		{C1A38F17-36FD-4A88-BC2C-69E4C476383B}.Release|x86.Build.0 = Release|Win32
		{3F6B9039-C0F1-414C-A8E9-5E4D19CD068F}.Debug|x64.ActiveCfg = Debug|x64
		{3F6B9039-C0F1-414C-A8E9-5E4D19CD068F}.Debug|x64.Build.0 = Debug|x64
		{3F6B9039-C0F1-414C-A8E9-5E4D19CD068F}.Debug|x86.ActiveCfg = Debug|Win32
		{3F6B9039-C0F1-414C-A8E9-5E4D19CD068F}.Debug|x86.Build.0 = Debug|Win32
		{3F6B9039-C0F1-414C-A8E9-5E4D19CD068F}.Release|x64.ActiveCfg = Release|x64
		{3F6B9039-C0F1-414C-A8E9-5E4D19CD068F}.Release|x64.Build.0 = Release|x64
		{3F6B9039-C0F1-414C-A8E9-5E4D19CD068F}.Release|x86.ActiveCfg = Release|Win32
		{3F6B9039-C0F1-414C-A8E9-5E4D19CD068F}.Release|x86.Build.0 = Release|Win32
		{C5B1A476-1436-4B80-B660-B50902D0B283}.Debug|x64.ActiveCfg = Debug|x64
		{C5B1A476-1436-4B80-B660-B50902D0B283}.Debug|x64.Build.0 = Debug|x64
		{C5B1A476-1436-4B80-B660-B50902D0B283}.Debug|x86.ActiveCfg = Debug|Win32
		{C5B1A476-1436-4B80-B660-B50902D0B283}.Debug|x86.Build.0 = Debug|Win32
		{C5B1A476-1436-4B80-B660-B50902D0B283}.Release|x64.ActiveCfg = Release|x64
		{C5B1A476-1436-4B80-B660-B50902D0B283}.Release|x64.Build.0 = Release|x64
		{C5B1A476-1436-4B80-B660-B50902D0B283}.Release|x86.ActiveCfg = Release|Win32
		{C5B1A476-1436-4B80-B660-B50902D0B283}.Release|x86.Build.0 = Release|Win32
		{7DB59714-A0D1-41BC-9E07-FCB4284EB6A7}.Debug|x64.ActiveCfg = Debug|x64
		{7DB59714-A0D1-41BC-9E07-FCB4284EB6A7}.Debug|x64.Build.0 = Debug|x64
		{7DB59714-A0D1-41BC-9E07-FCB4284EB6A7}.Debug|x86.ActiveCfg = Debug|Win32
		{7DB59714-A0D1-41BC-9E07-FCB4284EB6A7}.Debug|x86.Build.0 = Debug|Win32
		{7DB59714-A0D1-41BC-9E07-FCB4284EB6A7}.Release|x64.ActiveCfg = Release|x64
		{7DB59714-A0D1-41BC-9E07-FCB4284EB6A7}.Release|x64.Build.0 = Release|x64
		{7DB59714-A0D1-41BC-9E07-FCB4284EB6A7}.Release|x86.ActiveCfg = Release|Win32
		{7DB59714-A0D1-41BC-9E07-FCB4284EB6A7}.Release|x86.Build.0 = Release|Win32
		{160FA1FB-363B-4DBF-852E-41858E3A232F}.Debug|x64.ActiveCfg = Debug|x64
		{160FA1FB-363B-4DBF-852E-41858E3A232F}.Debug|x64.Build.0 = Debug|x64
		{160FA1FB-363B-4DBF-852E-41858E3A232F}.Debug|x86.ActiveCfg = Debug|Win32
		{160FA1FB-363B-4DBF-852E-41858E3A232F}.Debug|x86.Build.0 = Debug|Win32
		{160FA1FB-363B-4DBF-852E-41858E3A232F}.Release|x64.ActiveCfg = Release|x64
		{160FA1FB-363B-4DBF-852E-41858E3A232F}.Release|x64.Build.0 = Release|x64
		{160FA1FB-363B-4DBF-852E-41858E3A232F}.Release|x86.ActiveCfg = Release|Win32
		{160FA1FB-363B-4DBF-852E-41858E3A232F}.Release|x86.Build.0 = Release|Win32
	EndGlobalSection
	GlobalSection(SolutionProperties) = preSolution
		HideSolutionNode = FALSE
	EndGlobalSection
EndGlobal
